
Microsoft Visual Studio Solution File, Format Version 12.00
# Visual Studio Version 17
VisualStudioVersion = 17.12.35728.132 d17.12
MinimumVisualStudioVersion = 10.0.40219.1
Project("{FAE04EC0-301F-11D3-BF4B-00C04F79EFBC}") = "Sixpoints.PageOptimizer", "Sixpoints.PageOptimizer\Sixpoints.PageOptimizer.csproj", "{2D074AA6-10BA-45E6-9C28-F0EEBD00E32D}"
EndProject
Global
	GlobalSection(SolutionConfigurationPlatforms) = preSolution
		Debug|Any CPU = Debug|Any CPU
		Release|Any CPU = Release|Any CPU
	EndGlobalSection
	GlobalSection(ProjectConfigurationPlatforms) = postSolution
		{2D074AA6-10BA-45E6-9C28-F0EEBD00E32D}.Debug|Any CPU.ActiveCfg = Debug|Any CPU
		{2D074AA6-10BA-45E6-9C28-F0EEBD00E32D}.Debug|Any CPU.Build.0 = Debug|Any CPU
		{2D074AA6-10BA-45E6-9C28-F0EEBD00E32D}.Release|Any CPU.ActiveCfg = Release|Any CPU
		{2D074AA6-10BA-45E6-9C28-F0EEBD00E32D}.Release|Any CPU.Build.0 = Release|Any CPU
	EndGlobalSection
	GlobalSection(SolutionProperties) = preSolution
		HideSolutionNode = FALSE
	EndGlobalSection
EndGlobal
